
Microsoft Visual Studio Solution File, Format Version 12.00
# Visual Studio 2017
Project("{FAE04EC0-301F-11D3-BF4B-00C04F79EFBC}") = "jojo Dance", "jojo Dance.csproj", "{1471BD5D-8517-A78B-970B-51FC8D356E5B}"
EndProject
Global
	GlobalSection(SolutionConfigurationPlatforms) = preSolution
		Debug|Any CPU = Debug|Any CPU
		Release|Any CPU = Release|Any CPU
	EndGlobalSection
	GlobalSection(ProjectConfigurationPlatforms) = postSolution
		{1471BD5D-8517-A78B-970B-51FC8D356E5B}.Debug|Any CPU.ActiveCfg = Debug|Any CPU
		{1471BD5D-8517-A78B-970B-51FC8D356E5B}.Debug|Any CPU.Build.0 = Debug|Any CPU
		{1471BD5D-8517-A78B-970B-51FC8D356E5B}.Release|Any CPU.ActiveCfg = Release|Any CPU
		{1471BD5D-8517-A78B-970B-51FC8D356E5B}.Release|Any CPU.Build.0 = Release|Any CPU
	EndGlobalSection
	GlobalSection(SolutionProperties) = preSolution
		HideSolutionNode = FALSE
	EndGlobalSection
EndGlobal
